
Microsoft Visual Studio Solution File, Format Version 12.00
# Visual Studio 2012
Project("{FAE04EC0-301F-11D3-BF4B-00C04F79EFBC}") = "twitterWordCloud", "twitterWordCloud.csproj", "{3589AD73-633C-42E2-840D-24DE51B49180}"
EndProject
Global
	GlobalSection(SolutionConfigurationPlatforms) = preSolution
		Debug|Any CPU = Debug|Any CPU
		Release|Any CPU = Release|Any CPU
	EndGlobalSection
	GlobalSection(ProjectConfigurationPlatforms) = postSolution
		{3589AD73-633C-42E2-840D-24DE51B49180}.Debug|Any CPU.ActiveCfg = Debug|Any CPU
		{3589AD73-633C-42E2-840D-24DE51B49180}.Debug|Any CPU.Build.0 = Debug|Any CPU
		{3589AD73-633C-42E2-840D-24DE51B49180}.Release|Any CPU.ActiveCfg = Release|Any CPU
		{3589AD73-633C-42E2-840D-24DE51B49180}.Release|Any CPU.Build.0 = Release|Any CPU
	EndGlobalSection
	GlobalSection(SolutionProperties) = preSolution
		HideSolutionNode = FALSE
	EndGlobalSection
EndGlobal
